
Microsoft Visual Studio Solution File, Format Version 12.00
# Visual Studio Version 17
VisualStudioVersion = 17.5.002.0
MinimumVisualStudioVersion = 10.0.40219.1
Project("{9A19103F-16F7-4668-BE54-9A1E7A4F7556}") = "Quiz_Game", "Quiz_Game.csproj", "{D0CC4956-F1E2-4A8B-823E-8BBF2621800F}"
EndProject
Global
	GlobalSection(SolutionConfigurationPlatforms) = preSolution
		Debug|Any CPU = Debug|Any CPU
		Release|Any CPU = Release|Any CPU
	EndGlobalSection
	GlobalSection(ProjectConfigurationPlatforms) = postSolution
		{D0CC4956-F1E2-4A8B-823E-8BBF2621800F}.Debug|Any CPU.ActiveCfg = Debug|Any CPU
		{D0CC4956-F1E2-4A8B-823E-8BBF2621800F}.Debug|Any CPU.Build.0 = Debug|Any CPU
		{D0CC4956-F1E2-4A8B-823E-8BBF2621800F}.Release|Any CPU.ActiveCfg = Release|Any CPU
		{D0CC4956-F1E2-4A8B-823E-8BBF2621800F}.Release|Any CPU.Build.0 = Release|Any CPU
	EndGlobalSection
	GlobalSection(SolutionProperties) = preSolution
		HideSolutionNode = FALSE
	EndGlobalSection
	GlobalSection(ExtensibilityGlobals) = postSolution
		SolutionGuid = {1EE2F009-C11E-490F-BD33-647D81133805}
	EndGlobalSection
EndGlobal
